
Microsoft Visual Studio Solution File, Format Version 12.00
Project("{FAE04EC0-301F-11D3-BF4B-00C04F79EFBC}") = "BattleHub.Web", "BattleHub.Web\BattleHub.Web.csproj", "{FE843390-CE4C-4D32-8B52-B260CCFE228C}"
EndProject
Project("{FAE04EC0-301F-11D3-BF4B-00C04F79EFBC}") = "BattleHub.DataAccess", "BattleHub.DataAccess\BattleHub.DataAccess.csproj", "{9358D5AA-3768-4CD8-B575-C5CFF9622BBA}"
EndProject
Global
	GlobalSection(SolutionConfigurationPlatforms) = preSolution
		Debug|Any CPU = Debug|Any CPU
		Release|Any CPU = Release|Any CPU
	EndGlobalSection
	GlobalSection(ProjectConfigurationPlatforms) = postSolution
		{FE843390-CE4C-4D32-8B52-B260CCFE228C}.Debug|Any CPU.ActiveCfg = Debug|Any CPU
		{FE843390-CE4C-4D32-8B52-B260CCFE228C}.Debug|Any CPU.Build.0 = Debug|Any CPU
		{FE843390-CE4C-4D32-8B52-B260CCFE228C}.Release|Any CPU.ActiveCfg = Release|Any CPU
		{FE843390-CE4C-4D32-8B52-B260CCFE228C}.Release|Any CPU.Build.0 = Release|Any CPU
		{9358D5AA-3768-4CD8-B575-C5CFF9622BBA}.Debug|Any CPU.ActiveCfg = Debug|Any CPU
		{9358D5AA-3768-4CD8-B575-C5CFF9622BBA}.Debug|Any CPU.Build.0 = Debug|Any CPU
		{9358D5AA-3768-4CD8-B575-C5CFF9622BBA}.Release|Any CPU.ActiveCfg = Release|Any CPU
		{9358D5AA-3768-4CD8-B575-C5CFF9622BBA}.Release|Any CPU.Build.0 = Release|Any CPU
	EndGlobalSection
EndGlobal
